
Microsoft Visual Studio Solution File, Format Version 12.00
# Visual Studio 15
VisualStudioVersion = 15.0.27130.2036
MinimumVisualStudioVersion = 10.0.40219.1
Project("{FAE04EC0-301F-11D3-BF4B-00C04F79EFBC}") = "TransponderReceiverSystem", "TransponderReceiverSystem\TransponderReceiverSystem.csproj", "{BCCEDDCB-8647-4AC3-9019-8A52F72F2F88}"
EndProject
Project("{FAE04EC0-301F-11D3-BF4B-00C04F79EFBC}") = "TransponderReceiverSystem.Application", "TransponderReceiverSystem.Application\TransponderReceiverSystem.Application.csproj", "{CA075CAA-29FD-497B-A192-B8F930097938}"
EndProject
Project("{FAE04EC0-301F-11D3-BF4B-00C04F79EFBC}") = "TransponderReceiverSystem.UnitTest", "TransponderReceiverSystem.UnitTest\TransponderReceiverSystem.UnitTest.csproj", "{A5628251-C0EE-4A79-A261-9840DB331351}"
EndProject
Project("{FAE04EC0-301F-11D3-BF4B-00C04F79EFBC}") = "TransponderReceiverSystem.Classes", "TransponderReceiverSystem.Classes\TransponderReceiverSystem.Classes.csproj", "{CCF4A36A-A7D6-4F14-B46E-8FD801EE999E}"
EndProject
Global
	GlobalSection(SolutionConfigurationPlatforms) = preSolution
		Debug|Any CPU = Debug|Any CPU
		Release|Any CPU = Release|Any CPU
	EndGlobalSection
	GlobalSection(ProjectConfigurationPlatforms) = postSolution
		{BCCEDDCB-8647-4AC3-9019-8A52F72F2F88}.Debug|Any CPU.ActiveCfg = Debug|Any CPU
		{BCCEDDCB-8647-4AC3-9019-8A52F72F2F88}.Debug|Any CPU.Build.0 = Debug|Any CPU
		{BCCEDDCB-8647-4AC3-9019-8A52F72F2F88}.Release|Any CPU.ActiveCfg = Release|Any CPU
		{BCCEDDCB-8647-4AC3-9019-8A52F72F2F88}.Release|Any CPU.Build.0 = Release|Any CPU
		{CA075CAA-29FD-497B-A192-B8F930097938}.Debug|Any CPU.ActiveCfg = Debug|Any CPU
		{CA075CAA-29FD-497B-A192-B8F930097938}.Debug|Any CPU.Build.0 = Debug|Any CPU
		{CA075CAA-29FD-497B-A192-B8F930097938}.Release|Any CPU.ActiveCfg = Release|Any CPU
		{CA075CAA-29FD-497B-A192-B8F930097938}.Release|Any CPU.Build.0 = Release|Any CPU
		{A5628251-C0EE-4A79-A261-9840DB331351}.Debug|Any CPU.ActiveCfg = Debug|Any CPU
		{A5628251-C0EE-4A79-A261-9840DB331351}.Debug|Any CPU.Build.0 = Debug|Any CPU
		{A5628251-C0EE-4A79-A261-9840DB331351}.Release|Any CPU.ActiveCfg = Release|Any CPU
		{A5628251-C0EE-4A79-A261-9840DB331351}.Release|Any CPU.Build.0 = Release|Any CPU
		{CCF4A36A-A7D6-4F14-B46E-8FD801EE999E}.Debug|Any CPU.ActiveCfg = Debug|Any CPU
		{CCF4A36A-A7D6-4F14-B46E-8FD801EE999E}.Debug|Any CPU.Build.0 = Debug|Any CPU
		{CCF4A36A-A7D6-4F14-B46E-8FD801EE999E}.Release|Any CPU.ActiveCfg = Release|Any CPU
		{CCF4A36A-A7D6-4F14-B46E-8FD801EE999E}.Release|Any CPU.Build.0 = Release|Any CPU
	EndGlobalSection
	GlobalSection(SolutionProperties) = preSolution
		HideSolutionNode = FALSE
	EndGlobalSection
	GlobalSection(ExtensibilityGlobals) = postSolution
		SolutionGuid = {234C8C1D-3A2E-4463-860E-40C79AFFA84D}
	EndGlobalSection
EndGlobal
